// !$*UTF8*$!
{
	archiveVersion = 1;
	classes = {
	};
	objectVersion = 46;
	objects = {

/* Begin PBXBuildFile section */
		3D55C9491CE753BE00DFD329 /* FileManagementViewController.swift in Sources */ = {isa = PBXBuildFile; fileRef = 3D55C9481CE753BE00DFD329 /* FileManagementViewController.swift */; };
		3D55C94B1CE7548300DFD329 /* AppSettingsViewController.swift in Sources */ = {isa = PBXBuildFile; fileRef = 3D55C94A1CE7548300DFD329 /* AppSettingsViewController.swift */; };
		3D55C94D1CE754AD00DFD329 /* SettingsViewController.swift in Sources */ = {isa = PBXBuildFile; fileRef = 3D55C94C1CE754AD00DFD329 /* SettingsViewController.swift */; };
		3DD7452B1CE74EAA001E7E9A /* AppDelegate.swift in Sources */ = {isa = PBXBuildFile; fileRef = 3DD7452A1CE74EAA001E7E9A /* AppDelegate.swift */; };
		3DD7452D1CE74EAA001E7E9A /* ViewController.swift in Sources */ = {isa = PBXBuildFile; fileRef = 3DD7452C1CE74EAA001E7E9A /* ViewController.swift */; };
		3DD745301CE74EAA001E7E9A /* Main.storyboard in Resources */ = {isa = PBXBuildFile; fileRef = 3DD7452E1CE74EAA001E7E9A /* Main.storyboard */; };
		3DD745321CE74EAA001E7E9A /* Assets.xcassets in Resources */ = {isa = PBXBuildFile; fileRef = 3DD745311CE74EAA001E7E9A /* Assets.xcassets */; };
		3DD745351CE74EAA001E7E9A /* LaunchScreen.storyboard in Resources */ = {isa = PBXBuildFile; fileRef = 3DD745331CE74EAA001E7E9A /* LaunchScreen.storyboard */; };
		3DD7453E1CE7505B001E7E9A /* Settings.storyboard in Resources */ = {isa = PBXBuildFile; fileRef = 3DD7453C1CE7505B001E7E9A /* Settings.storyboard */; };
/* End PBXBuildFile section */

/* Begin PBXFileReference section */
		3D55C9481CE753BE00DFD329 /* FileManagementViewController.swift */ = {isa = PBXFileReference; fileEncoding = 4; lastKnownFileType = sourcecode.swift; path = FileManagementViewController.swift; sourceTree = "<group>"; };
		3D55C94A1CE7548300DFD329 /* AppSettingsViewController.swift */ = {isa = PBXFileReference; fileEncoding = 4; lastKnownFileType = sourcecode.swift; path = AppSettingsViewController.swift; sourceTree = "<group>"; };
		3D55C94C1CE754AD00DFD329 /* SettingsViewController.swift */ = {isa = PBXFileReference; fileEncoding = 4; lastKnownFileType = sourcecode.swift; path = SettingsViewController.swift; sourceTree = "<group>"; };
		3DD745271CE74EAA001E7E9A /* Soundboard.app */ = {isa = PBXFileReference; explicitFileType = wrapper.application; includeInIndex = 0; path = Soundboard.app; sourceTree = BUILT_PRODUCTS_DIR; };
		3DD7452A1CE74EAA001E7E9A /* AppDelegate.swift */ = {isa = PBXFileReference; lastKnownFileType = sourcecode.swift; path = AppDelegate.swift; sourceTree = "<group>"; };
		3DD7452C1CE74EAA001E7E9A /* ViewController.swift */ = {isa = PBXFileReference; lastKnownFileType = sourcecode.swift; path = ViewController.swift; sourceTree = "<group>"; };
		3DD7452F1CE74EAA001E7E9A /* Base */ = {isa = PBXFileReference; lastKnownFileType = file.storyboard; name = Base; path = Base.lproj/Main.storyboard; sourceTree = "<group>"; };
		3DD745311CE74EAA001E7E9A /* Assets.xcassets */ = {isa = PBXFileReference; lastKnownFileType = folder.assetcatalog; path = Assets.xcassets; sourceTree = "<group>"; };
		3DD745341CE74EAA001E7E9A /* Base */ = {isa = PBXFileReference; lastKnownFileType = file.storyboard; name = Base; path = Base.lproj/LaunchScreen.storyboard; sourceTree = "<group>"; };
		3DD745361CE74EAA001E7E9A /* Info.plist */ = {isa = PBXFileReference; lastKnownFileType = text.plist.xml; path = Info.plist; sourceTree = "<group>"; };
		3DD7453D1CE7505B001E7E9A /* Base */ = {isa = PBXFileReference; lastKnownFileType = file.storyboard; name = Base; path = Base.lproj/Settings.storyboard; sourceTree = "<group>"; };
/* End PBXFileReference section */

/* Begin PBXFrameworksBuildPhase section */
		3DD745241CE74EAA001E7E9A /* Frameworks */ = {
			isa = PBXFrameworksBuildPhase;
			buildActionMask = 2147483647;
			files = (
			);
			runOnlyForDeploymentPostprocessing = 0;
		};
/* End PBXFrameworksBuildPhase section */

/* Begin PBXGroup section */
		3D55C9461CE7539700DFD329 /* Settings */ = {
			isa = PBXGroup;
			children = (
				3D55C94C1CE754AD00DFD329 /* SettingsViewController.swift */,
				3D55C94A1CE7548300DFD329 /* AppSettingsViewController.swift */,
				3D55C9481CE753BE00DFD329 /* FileManagementViewController.swift */,
			);
			name = Settings;
			sourceTree = "<group>";
		};
		3D55C9471CE7539F00DFD329 /* Soundboard */ = {
			isa = PBXGroup;
			children = (
				3DD7452C1CE74EAA001E7E9A /* ViewController.swift */,
			);
			name = Soundboard;
			sourceTree = "<group>";
		};
		3DD7451E1CE74EAA001E7E9A = {
			isa = PBXGroup;
			children = (
				3DD745291CE74EAA001E7E9A /* Soundboard */,
				3DD745281CE74EAA001E7E9A /* Products */,
			);
			sourceTree = "<group>";
		};
		3DD745281CE74EAA001E7E9A /* Products */ = {
			isa = PBXGroup;
			children = (
				3DD745271CE74EAA001E7E9A /* Soundboard.app */,
			);
			name = Products;
			sourceTree = "<group>";
		};
		3DD745291CE74EAA001E7E9A /* Soundboard */ = {
			isa = PBXGroup;
			children = (
				3DD7453F1CE75239001E7E9A /* View Controllers */,
				3DD745401CE752A6001E7E9A /* Storyboards/Views */,
				3DD745411CE752C7001E7E9A /* Ressources */,
				3DD7452A1CE74EAA001E7E9A /* AppDelegate.swift */,
			);
			path = Soundboard;
			sourceTree = "<group>";
		};
		3DD7453F1CE75239001E7E9A /* View Controllers */ = {
			isa = PBXGroup;
			children = (
				3D55C9471CE7539F00DFD329 /* Soundboard */,
				3D55C9461CE7539700DFD329 /* Settings */,
			);
			name = "View Controllers";
			sourceTree = "<group>";
		};
		3DD745401CE752A6001E7E9A /* Storyboards/Views */ = {
			isa = PBXGroup;
			children = (
				3DD745331CE74EAA001E7E9A /* LaunchScreen.storyboard */,
				3DD7452E1CE74EAA001E7E9A /* Main.storyboard */,
				3DD7453C1CE7505B001E7E9A /* Settings.storyboard */,
			);
			name = Storyboards/Views;
			sourceTree = "<group>";
		};
		3DD745411CE752C7001E7E9A /* Ressources */ = {
			isa = PBXGroup;
			children = (
				3DD745311CE74EAA001E7E9A /* Assets.xcassets */,
				3DD745361CE74EAA001E7E9A /* Info.plist */,
			);
			name = Ressources;
			sourceTree = "<group>";
		};
/* End PBXGroup section */

/* Begin PBXNativeTarget section */
		3DD745261CE74EAA001E7E9A /* Soundboard */ = {
			isa = PBXNativeTarget;
			buildConfigurationList = 3DD745391CE74EAA001E7E9A /* Build configuration list for PBXNativeTarget "Soundboard" */;
			buildPhases = (
				3DD745231CE74EAA001E7E9A /* Sources */,
				3DD745241CE74EAA001E7E9A /* Frameworks */,
				3DD745251CE74EAA001E7E9A /* Resources */,
			);
			buildRules = (
			);
			dependencies = (
			);
			name = Soundboard;
			productName = Soundboard;
			productReference = 3DD745271CE74EAA001E7E9A /* Soundboard.app */;
			productType = "com.apple.product-type.application";
		};
/* End PBXNativeTarget section */

/* Begin PBXProject section */
		3DD7451F1CE74EAA001E7E9A /* Project object */ = {
			isa = PBXProject;
			attributes = {
				LastSwiftUpdateCheck = 0730;
				LastUpgradeCheck = 0730;
				ORGANIZATIONNAME = dfragment.net;
				TargetAttributes = {
					3DD745261CE74EAA001E7E9A = {
						CreatedOnToolsVersion = 7.3.1;
					};
				};
			};
			buildConfigurationList = 3DD745221CE74EAA001E7E9A /* Build configuration list for PBXProject "Soundboard" */;
			compatibilityVersion = "Xcode 3.2";
			developmentRegion = English;
			hasScannedForEncodings = 0;
			knownRegions = (
				en,
				Base,
			);
			mainGroup = 3DD7451E1CE74EAA001E7E9A;
			productRefGroup = 3DD745281CE74EAA001E7E9A /* Products */;
			projectDirPath = "";
			projectRoot = "";
			targets = (
				3DD745261CE74EAA001E7E9A /* Soundboard */,
			);
		};
/* End PBXProject section */

/* Begin PBXResourcesBuildPhase section */
		3DD745251CE74EAA001E7E9A /* Resources */ = {
			isa = PBXResourcesBuildPhase;
			buildActionMask = 2147483647;
			files = (
				3DD745351CE74EAA001E7E9A /* LaunchScreen.storyboard in Resources */,
				3DD745321CE74EAA001E7E9A /* Assets.xcassets in Resources */,
				3DD745301CE74EAA001E7E9A /* Main.storyboard in Resources */,
				3DD7453E1CE7505B001E7E9A /* Settings.storyboard in Resources */,
			);
			runOnlyForDeploymentPostprocessing = 0;
		};
/* End PBXResourcesBuildPhase section */

/* Begin PBXSourcesBuildPhase section */
		3DD745231CE74EAA001E7E9A /* Sources */ = {
			isa = PBXSourcesBuildPhase;
			buildActionMask = 2147483647;
			files = (
				3DD7452D1CE74EAA001E7E9A /* ViewController.swift in Sources */,
				3D55C9491CE753BE00DFD329 /* FileManagementViewController.swift in Sources */,
				3DD7452B1CE74EAA001E7E9A /* AppDelegate.swift in Sources */,
				3D55C94D1CE754AD00DFD329 /* SettingsViewController.swift in Sources */,
				3D55C94B1CE7548300DFD329 /* AppSettingsViewController.swift in Sources */,
			);
			runOnlyForDeploymentPostprocessing = 0;
		};
/* End PBXSourcesBuildPhase section */

/* Begin PBXVariantGroup section */
		3DD7452E1CE74EAA001E7E9A /* Main.storyboard */ = {
			isa = PBXVariantGroup;
			children = (
				3DD7452F1CE74EAA001E7E9A /* Base */,
			);
			name = Main.storyboard;
			sourceTree = "<group>";
		};
		3DD745331CE74EAA001E7E9A /* LaunchScreen.storyboard */ = {
			isa = PBXVariantGroup;
			children = (
				3DD745341CE74EAA001E7E9A /* Base */,
			);
			name = LaunchScreen.storyboard;
			sourceTree = "<group>";
		};
		3DD7453C1CE7505B001E7E9A /* Settings.storyboard */ = {
			isa = PBXVariantGroup;
			children = (
				3DD7453D1CE7505B001E7E9A /* Base */,
			);
			name = Settings.storyboard;
			sourceTree = "<group>";
		};
/* End PBXVariantGroup section */

/* Begin XCBuildConfiguration section */
		3DD745371CE74EAA001E7E9A /* Debug */ = {
			isa = XCBuildConfiguration;
			buildSettings = {
				ALWAYS_SEARCH_USER_PATHS = NO;
				CLANG_ANALYZER_NONNULL = YES;
				CLANG_CXX_LANGUAGE_STANDARD = "gnu++0x";
				CLANG_CXX_LIBRARY = "libc++";
				CLANG_ENABLE_MODULES = YES;
				CLANG_ENABLE_OBJC_ARC = YES;
				CLANG_WARN_BOOL_CONVERSION = YES;
				CLANG_WARN_CONSTANT_CONVERSION = YES;
				CLANG_WARN_DIRECT_OBJC_ISA_USAGE = YES_ERROR;
				CLANG_WARN_EMPTY_BODY = YES;
				CLANG_WARN_ENUM_CONVERSION = YES;
				CLANG_WARN_INT_CONVERSION = YES;
				CLANG_WARN_OBJC_ROOT_CLASS = YES_ERROR;
				CLANG_WARN_UNREACHABLE_CODE = YES;
				CLANG_WARN__DUPLICATE_METHOD_MATCH = YES;
				"CODE_SIGN_IDENTITY[sdk=iphoneos*]" = "iPhone Developer";
				COPY_PHASE_STRIP = NO;
				DEBUG_INFORMATION_FORMAT = dwarf;
				ENABLE_STRICT_OBJC_MSGSEND = YES;
				ENABLE_TESTABILITY = YES;
				GCC_C_LANGUAGE_STANDARD = gnu99;
				GCC_DYNAMIC_NO_PIC = NO;
				GCC_NO_COMMON_BLOCKS = YES;
				GCC_OPTIMIZATION_LEVEL = 0;
				GCC_PREPROCESSOR_DEFINITIONS = (
					"DEBUG=1",
					"$(inherited)",
				);
				GCC_WARN_64_TO_32_BIT_CONVERSION = YES;
				GCC_WARN_ABOUT_RETURN_TYPE = YES_ERROR;
				GCC_WARN_UNDECLARED_SELECTOR = YES;
				GCC_WARN_UNINITIALIZED_AUTOS = YES_AGGRESSIVE;
				GCC_WARN_UNUSED_FUNCTION = YES;
				GCC_WARN_UNUSED_VARIABLE = YES;
				IPHONEOS_DEPLOYMENT_TARGET = 9.3;
				MTL_ENABLE_DEBUG_INFO = YES;
				ONLY_ACTIVE_ARCH = YES;
				SDKROOT = iphoneos;
				SWIFT_OPTIMIZATION_LEVEL = "-Onone";
				TARGETED_DEVICE_FAMILY = "1,2";
			};
			name = Debug;
		};
		3DD745381CE74EAA001E7E9A /* Release */ = {
			isa = XCBuildConfiguration;
			buildSettings = {
				ALWAYS_SEARCH_USER_PATHS = NO;
				CLANG_ANALYZER_NONNULL = YES;
				CLANG_CXX_LANGUAGE_STANDARD = "gnu++0x";
				CLANG_CXX_LIBRARY = "libc++";
				CLANG_ENABLE_MODULES = YES;
				CLANG_ENABLE_OBJC_ARC = YES;
				CLANG_WARN_BOOL_CONVERSION = YES;
				CLANG_WARN_CONSTANT_CONVERSION = YES;
				CLANG_WARN_DIRECT_OBJC_ISA_USAGE = YES_ERROR;
				CLANG_WARN_EMPTY_BODY = YES;
				CLANG_WARN_ENUM_CONVERSION = YES;
				CLANG_WARN_INT_CONVERSION = YES;
				CLANG_WARN_OBJC_ROOT_CLASS = YES_ERROR;
				CLANG_WARN_UNREACHABLE_CODE = YES;
				CLANG_WARN__DUPLICATE_METHOD_MATCH = YES;
				"CODE_SIGN_IDENTITY[sdk=iphoneos*]" = "iPhone Developer";
				COPY_PHASE_STRIP = NO;
				DEBUG_INFORMATION_FORMAT = "dwarf-with-dsym";
				ENABLE_NS_ASSERTIONS = NO;
				ENABLE_STRICT_OBJC_MSGSEND = YES;
				GCC_C_LANGUAGE_STANDARD = gnu99;
				GCC_NO_COMMON_BLOCKS = YES;
				GCC_WARN_64_TO_32_BIT_CONVERSION = YES;
				GCC_WARN_ABOUT_RETURN_TYPE = YES_ERROR;
				GCC_WARN_UNDECLARED_SELECTOR = YES;
				GCC_WARN_UNINITIALIZED_AUTOS = YES_AGGRESSIVE;
				GCC_WARN_UNUSED_FUNCTION = YES;
				GCC_WARN_UNUSED_VARIABLE = YES;
				IPHONEOS_DEPLOYMENT_TARGET = 9.3;
				MTL_ENABLE_DEBUG_INFO = NO;
				SDKROOT = iphoneos;
				TARGETED_DEVICE_FAMILY = "1,2";
				VALIDATE_PRODUCT = YES;
			};
			name = Release;
		};
		3DD7453A1CE74EAA001E7E9A /* Debug */ = {
			isa = XCBuildConfiguration;
			buildSettings = {
				ASSETCATALOG_COMPILER_APPICON_NAME = AppIcon;
				INFOPLIST_FILE = Soundboard/Info.plist;
				LD_RUNPATH_SEARCH_PATHS = "$(inherited) @executable_path/Frameworks";
				PRODUCT_BUNDLE_IDENTIFIER = net.dfragment.Soundboard;
				PRODUCT_NAME = "$(TARGET_NAME)";
			};
			name = Debug;
		};
		3DD7453B1CE74EAA001E7E9A /* Release */ = {
			isa = XCBuildConfiguration;
			buildSettings = {
				ASSETCATALOG_COMPILER_APPICON_NAME = AppIcon;
				INFOPLIST_FILE = Soundboard/Info.plist;
				LD_RUNPATH_SEARCH_PATHS = "$(inherited) @executable_path/Frameworks";
				PRODUCT_BUNDLE_IDENTIFIER = net.dfragment.Soundboard;
				PRODUCT_NAME = "$(TARGET_NAME)";
			};
			name = Release;
		};
/* End XCBuildConfiguration section */

/* Begin XCConfigurationList section */
		3DD745221CE74EAA001E7E9A /* Build configuration list for PBXProject "Soundboard" */ = {
			isa = XCConfigurationList;
			buildConfigurations = (
				3DD745371CE74EAA001E7E9A /* Debug */,
				3DD745381CE74EAA001E7E9A /* Release */,
			);
			defaultConfigurationIsVisible = 0;
			defaultConfigurationName = Release;
		};
		3DD745391CE74EAA001E7E9A /* Build configuration list for PBXNativeTarget "Soundboard" */ = {
			isa = XCConfigurationList;
			buildConfigurations = (
				3DD7453A1CE74EAA001E7E9A /* Debug */,
				3DD7453B1CE74EAA001E7E9A /* Release */,
			);
			defaultConfigurationIsVisible = 0;
			defaultConfigurationName = Release;
		};
/* End XCConfigurationList section */
	};
	rootObject = 3DD7451F1CE74EAA001E7E9A /* Project object */;
}
